# THIS IS AN AUTOGENERATED FILE. DO NOT EDIT THIS FILE DIRECTLY.
# yarn lockfile v1


"@javelin/ecs@2.0.0-alpha.5":
  version "2.0.0-alpha.5"
  resolved "https://registry.yarnpkg.com/@javelin/ecs/-/ecs-2.0.0-alpha.5.tgz#1d446c368756988b81f05cf858fda1563236974e"
  integrity sha512-XVhw+/y/49JFW21Jv4IkAWk2yA7gezElTCD4KdCAy3zg9XYDkyA9c2Yi4snZ1eyXCHonjE7jfzjes36vkhTTVQ==
  dependencies:
    "@javelin/lib" "2.0.0-alpha.5"

"@javelin/lib@2.0.0-alpha.5":
  version "2.0.0-alpha.5"
  resolved "https://registry.yarnpkg.com/@javelin/lib/-/lib-2.0.0-alpha.5.tgz#71bb474800957a11fa5025059c26146056793d2d"
  integrity sha512-zwoBDfeG9wfnM/5JnymvrPVWyY1U+otJS5hRyhjmp9x1dRULcWfAi4/vsJsfvKiUYhkMinZiBDkbG0clkZMYyg==

"@javelin/net@2.0.0-alpha.5":
  version "2.0.0-alpha.5"
  resolved "https://registry.yarnpkg.com/@javelin/net/-/net-2.0.0-alpha.5.tgz#bfb875ee2dce8d5e3c6739085e0ad97ce5eb73d5"
  integrity sha512-ZseDMLQf/i2kYYn2Kitq95XK0HHJOHNSI3COhtPPReXi5jc5hea9cHuL1ZaHVVv385NGbkdR51nJ0SBufobipQ==
  dependencies:
    "@javelin/ecs" "2.0.0-alpha.5"
    "@javelin/lib" "2.0.0-alpha.5"

"@types/mainloop.js@^1.0.5":
  version "1.0.5"
  resolved "https://registry.yarnpkg.com/@types/mainloop.js/-/mainloop.js-1.0.5.tgz#86db93e50852566bf384c3c866a31bb19aca8118"
  integrity sha512-AYDlcqJYi90NCz/049HKTP7rB0yat+hDAE3QTepHsi4A+9dER8QD5L9v5+basUSNxGosit8H5eDxWE4M44yHpg==

mainloop.js@^1.0.4:
  version "1.0.4"
  resolved "https://registry.yarnpkg.com/mainloop.js/-/mainloop.js-1.0.4.tgz#4cc3f1e7a57e4a718de397884a59063c42913e87"
  integrity sha512-zAyzCCwJcSDv777sGZTnDaXQdZs8POeysoI5YcSJaFKRVTnFRUQFlnV2B1Wn8N5KRygMOyKCr6cOerAnItkY3A==

typescript@^4.9.5:
  version "4.9.5"
  resolved "https://registry.yarnpkg.com/typescript/-/typescript-4.9.5.tgz#095979f9bcc0d09da324d58d03ce8f8374cbe65a"
  integrity sha512-1FXk9E2Hm+QzZQ7z+McJiHL4NW1F2EzMu9Nq9i3zAaGqibafqYwCVU6WyWAuyQRRzOlxou8xZSyXLEN8oKj24g==
